
Microsoft Visual Studio Solution File, Format Version 12.00
# Visual Studio Version 17
VisualStudioVersion = 17.6.33829.357
MinimumVisualStudioVersion = 10.0.40219.1
Project("{FAE04EC0-301F-11D3-BF4B-00C04F79EFBC}") = "Excel", "Excel\Excel.csproj", "{08540462-CC72-43AA-91B4-B36AB8051D07}"
EndProject
Global
	GlobalSection(SolutionConfigurationPlatforms) = preSolution
		Debug|Any CPU = Debug|Any CPU
		Release|Any CPU = Release|Any CPU
	EndGlobalSection
	GlobalSection(ProjectConfigurationPlatforms) = postSolution
		{08540462-CC72-43AA-91B4-B36AB8051D07}.Debug|Any CPU.ActiveCfg = Debug|Any CPU
		{08540462-CC72-43AA-91B4-B36AB8051D07}.Debug|Any CPU.Build.0 = Debug|Any CPU
		{08540462-CC72-43AA-91B4-B36AB8051D07}.Release|Any CPU.ActiveCfg = Release|Any CPU
		{08540462-CC72-43AA-91B4-B36AB8051D07}.Release|Any CPU.Build.0 = Release|Any CPU
	EndGlobalSection
	GlobalSection(SolutionProperties) = preSolution
		HideSolutionNode = FALSE
	EndGlobalSection
	GlobalSection(ExtensibilityGlobals) = postSolution
		SolutionGuid = {951213E2-5634-4B60-9DF0-7FEEBCFFD83F}
	EndGlobalSection
EndGlobal
